// !$*UTF8*$!
{
	archiveVersion = 1;
	classes = {
	};
	objectVersion = 46;
	objects = {

/* Begin PBXBuildFile section */
		95DF61411F9A5B500068FC37 /* AppDelegate.swift in Sources */ = {isa = PBXBuildFile; fileRef = 95DF61401F9A5B500068FC37 /* AppDelegate.swift */; };
		95DF61431F9A5B500068FC37 /* ViewController.swift in Sources */ = {isa = PBXBuildFile; fileRef = 95DF61421F9A5B500068FC37 /* ViewController.swift */; };
		95DF61461F9A5B500068FC37 /* Main.storyboard in Resources */ = {isa = PBXBuildFile; fileRef = 95DF61441F9A5B500068FC37 /* Main.storyboard */; };
		95DF61491F9A5B500068FC37 /* Practica_7___Loads.xcdatamodeld in Sources */ = {isa = PBXBuildFile; fileRef = 95DF61471F9A5B500068FC37 /* Practica_7___Loads.xcdatamodeld */; };
		95DF614B1F9A5B500068FC37 /* Assets.xcassets in Resources */ = {isa = PBXBuildFile; fileRef = 95DF614A1F9A5B500068FC37 /* Assets.xcassets */; };
		95DF614E1F9A5B500068FC37 /* LaunchScreen.storyboard in Resources */ = {isa = PBXBuildFile; fileRef = 95DF614C1F9A5B500068FC37 /* LaunchScreen.storyboard */; };
		95DF61591F9A5B500068FC37 /* Practica_7___LoadsTests.swift in Sources */ = {isa = PBXBuildFile; fileRef = 95DF61581F9A5B500068FC37 /* Practica_7___LoadsTests.swift */; };
		95DF61641F9A5B500068FC37 /* Practica_7___LoadsUITests.swift in Sources */ = {isa = PBXBuildFile; fileRef = 95DF61631F9A5B500068FC37 /* Practica_7___LoadsUITests.swift */; };
/* End PBXBuildFile section */

/* Begin PBXContainerItemProxy section */
		95DF61551F9A5B500068FC37 /* PBXContainerItemProxy */ = {
			isa = PBXContainerItemProxy;
			containerPortal = 95DF61351F9A5B500068FC37 /* Project object */;
			proxyType = 1;
			remoteGlobalIDString = 95DF613C1F9A5B500068FC37;
			remoteInfo = "Practica 7 . Loads";
		};
		95DF61601F9A5B500068FC37 /* PBXContainerItemProxy */ = {
			isa = PBXContainerItemProxy;
			containerPortal = 95DF61351F9A5B500068FC37 /* Project object */;
			proxyType = 1;
			remoteGlobalIDString = 95DF613C1F9A5B500068FC37;
			remoteInfo = "Practica 7 . Loads";
		};
/* End PBXContainerItemProxy section */

/* Begin PBXFileReference section */
		95DF613D1F9A5B500068FC37 /* Practica 7 . Loads.app */ = {isa = PBXFileReference; explicitFileType = wrapper.application; includeInIndex = 0; path = "Practica 7 . Loads.app"; sourceTree = BUILT_PRODUCTS_DIR; };
		95DF61401F9A5B500068FC37 /* AppDelegate.swift */ = {isa = PBXFileReference; lastKnownFileType = sourcecode.swift; path = AppDelegate.swift; sourceTree = "<group>"; };
		95DF61421F9A5B500068FC37 /* ViewController.swift */ = {isa = PBXFileReference; lastKnownFileType = sourcecode.swift; path = ViewController.swift; sourceTree = "<group>"; };
		95DF61451F9A5B500068FC37 /* Base */ = {isa = PBXFileReference; lastKnownFileType = file.storyboard; name = Base; path = Base.lproj/Main.storyboard; sourceTree = "<group>"; };
		95DF61481F9A5B500068FC37 /* Practica_7___Loads.xcdatamodel */ = {isa = PBXFileReference; lastKnownFileType = wrapper.xcdatamodel; path = "Practica_7___Loads.xcdatamodel"; sourceTree = "<group>"; };
		95DF614A1F9A5B500068FC37 /* Assets.xcassets */ = {isa = PBXFileReference; lastKnownFileType = folder.assetcatalog; path = Assets.xcassets; sourceTree = "<group>"; };
		95DF614D1F9A5B500068FC37 /* Base */ = {isa = PBXFileReference; lastKnownFileType = file.storyboard; name = Base; path = Base.lproj/LaunchScreen.storyboard; sourceTree = "<group>"; };
		95DF614F1F9A5B500068FC37 /* Info.plist */ = {isa = PBXFileReference; lastKnownFileType = text.plist.xml; path = Info.plist; sourceTree = "<group>"; };
		95DF61541F9A5B500068FC37 /* Practica 7 . LoadsTests.xctest */ = {isa = PBXFileReference; explicitFileType = wrapper.cfbundle; includeInIndex = 0; path = "Practica 7 . LoadsTests.xctest"; sourceTree = BUILT_PRODUCTS_DIR; };
		95DF61581F9A5B500068FC37 /* Practica_7___LoadsTests.swift */ = {isa = PBXFileReference; lastKnownFileType = sourcecode.swift; path = "Practica_7___LoadsTests.swift"; sourceTree = "<group>"; };
		95DF615A1F9A5B500068FC37 /* Info.plist */ = {isa = PBXFileReference; lastKnownFileType = text.plist.xml; path = Info.plist; sourceTree = "<group>"; };
		95DF615F1F9A5B500068FC37 /* Practica 7 . LoadsUITests.xctest */ = {isa = PBXFileReference; explicitFileType = wrapper.cfbundle; includeInIndex = 0; path = "Practica 7 . LoadsUITests.xctest"; sourceTree = BUILT_PRODUCTS_DIR; };
		95DF61631F9A5B500068FC37 /* Practica_7___LoadsUITests.swift */ = {isa = PBXFileReference; lastKnownFileType = sourcecode.swift; path = "Practica_7___LoadsUITests.swift"; sourceTree = "<group>"; };
		95DF61651F9A5B500068FC37 /* Info.plist */ = {isa = PBXFileReference; lastKnownFileType = text.plist.xml; path = Info.plist; sourceTree = "<group>"; };
/* End PBXFileReference section */

/* Begin PBXFrameworksBuildPhase section */
		95DF613A1F9A5B500068FC37 /* Frameworks */ = {
			isa = PBXFrameworksBuildPhase;
			buildActionMask = 2147483647;
			files = (
			);
			runOnlyForDeploymentPostprocessing = 0;
		};
		95DF61511F9A5B500068FC37 /* Frameworks */ = {
			isa = PBXFrameworksBuildPhase;
			buildActionMask = 2147483647;
			files = (
			);
			runOnlyForDeploymentPostprocessing = 0;
		};
		95DF615C1F9A5B500068FC37 /* Frameworks */ = {
			isa = PBXFrameworksBuildPhase;
			buildActionMask = 2147483647;
			files = (
			);
			runOnlyForDeploymentPostprocessing = 0;
		};
/* End PBXFrameworksBuildPhase section */

/* Begin PBXGroup section */
		95DF61341F9A5B500068FC37 = {
			isa = PBXGroup;
			children = (
				95DF613F1F9A5B500068FC37 /* Practica 7 . Loads */,
				95DF61571F9A5B500068FC37 /* Practica 7 . LoadsTests */,
				95DF61621F9A5B500068FC37 /* Practica 7 . LoadsUITests */,
				95DF613E1F9A5B500068FC37 /* Products */,
			);
			sourceTree = "<group>";
		};
		95DF613E1F9A5B500068FC37 /* Products */ = {
			isa = PBXGroup;
			children = (
				95DF613D1F9A5B500068FC37 /* Practica 7 . Loads.app */,
				95DF61541F9A5B500068FC37 /* Practica 7 . LoadsTests.xctest */,
				95DF615F1F9A5B500068FC37 /* Practica 7 . LoadsUITests.xctest */,
			);
			name = Products;
			sourceTree = "<group>";
		};
		95DF613F1F9A5B500068FC37 /* Practica 7 . Loads */ = {
			isa = PBXGroup;
			children = (
				95DF61401F9A5B500068FC37 /* AppDelegate.swift */,
				95DF61421F9A5B500068FC37 /* ViewController.swift */,
				95DF61441F9A5B500068FC37 /* Main.storyboard */,
				95DF614A1F9A5B500068FC37 /* Assets.xcassets */,
				95DF614C1F9A5B500068FC37 /* LaunchScreen.storyboard */,
				95DF614F1F9A5B500068FC37 /* Info.plist */,
				95DF61471F9A5B500068FC37 /* Practica_7___Loads.xcdatamodeld */,
			);
			path = "Practica 7 . Loads";
			sourceTree = "<group>";
		};
		95DF61571F9A5B500068FC37 /* Practica 7 . LoadsTests */ = {
			isa = PBXGroup;
			children = (
				95DF61581F9A5B500068FC37 /* Practica_7___LoadsTests.swift */,
				95DF615A1F9A5B500068FC37 /* Info.plist */,
			);
			path = "Practica 7 . LoadsTests";
			sourceTree = "<group>";
		};
		95DF61621F9A5B500068FC37 /* Practica 7 . LoadsUITests */ = {
			isa = PBXGroup;
			children = (
				95DF61631F9A5B500068FC37 /* Practica_7___LoadsUITests.swift */,
				95DF61651F9A5B500068FC37 /* Info.plist */,
			);
			path = "Practica 7 . LoadsUITests";
			sourceTree = "<group>";
		};
/* End PBXGroup section */

/* Begin PBXNativeTarget section */
		95DF613C1F9A5B500068FC37 /* Practica 7 . Loads */ = {
			isa = PBXNativeTarget;
			buildConfigurationList = 95DF61681F9A5B500068FC37 /* Build configuration list for PBXNativeTarget "Practica 7 . Loads" */;
			buildPhases = (
				95DF61391F9A5B500068FC37 /* Sources */,
				95DF613A1F9A5B500068FC37 /* Frameworks */,
				95DF613B1F9A5B500068FC37 /* Resources */,
			);
			buildRules = (
			);
			dependencies = (
			);
			name = "Practica 7 . Loads";
			productName = "Practica 7 . Loads";
			productReference = 95DF613D1F9A5B500068FC37 /* Practica 7 . Loads.app */;
			productType = "com.apple.product-type.application";
		};
		95DF61531F9A5B500068FC37 /* Practica 7 . LoadsTests */ = {
			isa = PBXNativeTarget;
			buildConfigurationList = 95DF616B1F9A5B500068FC37 /* Build configuration list for PBXNativeTarget "Practica 7 . LoadsTests" */;
			buildPhases = (
				95DF61501F9A5B500068FC37 /* Sources */,
				95DF61511F9A5B500068FC37 /* Frameworks */,
				95DF61521F9A5B500068FC37 /* Resources */,
			);
			buildRules = (
			);
			dependencies = (
				95DF61561F9A5B500068FC37 /* PBXTargetDependency */,
			);
			name = "Practica 7 . LoadsTests";
			productName = "Practica 7 . LoadsTests";
			productReference = 95DF61541F9A5B500068FC37 /* Practica 7 . LoadsTests.xctest */;
			productType = "com.apple.product-type.bundle.unit-test";
		};
		95DF615E1F9A5B500068FC37 /* Practica 7 . LoadsUITests */ = {
			isa = PBXNativeTarget;
			buildConfigurationList = 95DF616E1F9A5B500068FC37 /* Build configuration list for PBXNativeTarget "Practica 7 . LoadsUITests" */;
			buildPhases = (
				95DF615B1F9A5B500068FC37 /* Sources */,
				95DF615C1F9A5B500068FC37 /* Frameworks */,
				95DF615D1F9A5B500068FC37 /* Resources */,
			);
			buildRules = (
			);
			dependencies = (
				95DF61611F9A5B500068FC37 /* PBXTargetDependency */,
			);
			name = "Practica 7 . LoadsUITests";
			productName = "Practica 7 . LoadsUITests";
			productReference = 95DF615F1F9A5B500068FC37 /* Practica 7 . LoadsUITests.xctest */;
			productType = "com.apple.product-type.bundle.ui-testing";
		};
/* End PBXNativeTarget section */

/* Begin PBXProject section */
		95DF61351F9A5B500068FC37 /* Project object */ = {
			isa = PBXProject;
			attributes = {
				LastSwiftUpdateCheck = 0730;
				LastUpgradeCheck = 0730;
				ORGANIZATIONNAME = "DIEGO IRAM";
				TargetAttributes = {
					95DF613C1F9A5B500068FC37 = {
						CreatedOnToolsVersion = 7.3.1;
					};
					95DF61531F9A5B500068FC37 = {
						CreatedOnToolsVersion = 7.3.1;
						TestTargetID = 95DF613C1F9A5B500068FC37;
					};
					95DF615E1F9A5B500068FC37 = {
						CreatedOnToolsVersion = 7.3.1;
						TestTargetID = 95DF613C1F9A5B500068FC37;
					};
				};
			};
			buildConfigurationList = 95DF61381F9A5B500068FC37 /* Build configuration list for PBXProject "Practica 7 . Loads" */;
			compatibilityVersion = "Xcode 3.2";
			developmentRegion = English;
			hasScannedForEncodings = 0;
			knownRegions = (
				en,
				Base,
			);
			mainGroup = 95DF61341F9A5B500068FC37;
			productRefGroup = 95DF613E1F9A5B500068FC37 /* Products */;
			projectDirPath = "";
			projectRoot = "";
			targets = (
				95DF613C1F9A5B500068FC37 /* Practica 7 . Loads */,
				95DF61531F9A5B500068FC37 /* Practica 7 . LoadsTests */,
				95DF615E1F9A5B500068FC37 /* Practica 7 . LoadsUITests */,
			);
		};
/* End PBXProject section */

/* Begin PBXResourcesBuildPhase section */
		95DF613B1F9A5B500068FC37 /* Resources */ = {
			isa = PBXResourcesBuildPhase;
			buildActionMask = 2147483647;
			files = (
				95DF614E1F9A5B500068FC37 /* LaunchScreen.storyboard in Resources */,
				95DF614B1F9A5B500068FC37 /* Assets.xcassets in Resources */,
				95DF61461F9A5B500068FC37 /* Main.storyboard in Resources */,
			);
			runOnlyForDeploymentPostprocessing = 0;
		};
		95DF61521F9A5B500068FC37 /* Resources */ = {
			isa = PBXResourcesBuildPhase;
			buildActionMask = 2147483647;
			files = (
			);
			runOnlyForDeploymentPostprocessing = 0;
		};
		95DF615D1F9A5B500068FC37 /* Resources */ = {
			isa = PBXResourcesBuildPhase;
			buildActionMask = 2147483647;
			files = (
			);
			runOnlyForDeploymentPostprocessing = 0;
		};
/* End PBXResourcesBuildPhase section */

/* Begin PBXSourcesBuildPhase section */
		95DF61391F9A5B500068FC37 /* Sources */ = {
			isa = PBXSourcesBuildPhase;
			buildActionMask = 2147483647;
			files = (
				95DF61431F9A5B500068FC37 /* ViewController.swift in Sources */,
				95DF61491F9A5B500068FC37 /* Practica_7___Loads.xcdatamodeld in Sources */,
				95DF61411F9A5B500068FC37 /* AppDelegate.swift in Sources */,
			);
			runOnlyForDeploymentPostprocessing = 0;
		};
		95DF61501F9A5B500068FC37 /* Sources */ = {
			isa = PBXSourcesBuildPhase;
			buildActionMask = 2147483647;
			files = (
				95DF61591F9A5B500068FC37 /* Practica_7___LoadsTests.swift in Sources */,
			);
			runOnlyForDeploymentPostprocessing = 0;
		};
		95DF615B1F9A5B500068FC37 /* Sources */ = {
			isa = PBXSourcesBuildPhase;
			buildActionMask = 2147483647;
			files = (
				95DF61641F9A5B500068FC37 /* Practica_7___LoadsUITests.swift in Sources */,
			);
			runOnlyForDeploymentPostprocessing = 0;
		};
/* End PBXSourcesBuildPhase section */

/* Begin PBXTargetDependency section */
		95DF61561F9A5B500068FC37 /* PBXTargetDependency */ = {
			isa = PBXTargetDependency;
			target = 95DF613C1F9A5B500068FC37 /* Practica 7 . Loads */;
			targetProxy = 95DF61551F9A5B500068FC37 /* PBXContainerItemProxy */;
		};
		95DF61611F9A5B500068FC37 /* PBXTargetDependency */ = {
			isa = PBXTargetDependency;
			target = 95DF613C1F9A5B500068FC37 /* Practica 7 . Loads */;
			targetProxy = 95DF61601F9A5B500068FC37 /* PBXContainerItemProxy */;
		};
/* End PBXTargetDependency section */

/* Begin PBXVariantGroup section */
		95DF61441F9A5B500068FC37 /* Main.storyboard */ = {
			isa = PBXVariantGroup;
			children = (
				95DF61451F9A5B500068FC37 /* Base */,
			);
			name = Main.storyboard;
			sourceTree = "<group>";
		};
		95DF614C1F9A5B500068FC37 /* LaunchScreen.storyboard */ = {
			isa = PBXVariantGroup;
			children = (
				95DF614D1F9A5B500068FC37 /* Base */,
			);
			name = LaunchScreen.storyboard;
			sourceTree = "<group>";
		};
/* End PBXVariantGroup section */

/* Begin XCBuildConfiguration section */
		95DF61661F9A5B500068FC37 /* Debug */ = {
			isa = XCBuildConfiguration;
			buildSettings = {
				ALWAYS_SEARCH_USER_PATHS = NO;
				CLANG_ANALYZER_NONNULL = YES;
				CLANG_CXX_LANGUAGE_STANDARD = "gnu++0x";
				CLANG_CXX_LIBRARY = "libc++";
				CLANG_ENABLE_MODULES = YES;
				CLANG_ENABLE_OBJC_ARC = YES;
				CLANG_WARN_BOOL_CONVERSION = YES;
				CLANG_WARN_CONSTANT_CONVERSION = YES;
				CLANG_WARN_DIRECT_OBJC_ISA_USAGE = YES_ERROR;
				CLANG_WARN_EMPTY_BODY = YES;
				CLANG_WARN_ENUM_CONVERSION = YES;
				CLANG_WARN_INT_CONVERSION = YES;
				CLANG_WARN_OBJC_ROOT_CLASS = YES_ERROR;
				CLANG_WARN_UNREACHABLE_CODE = YES;
				CLANG_WARN__DUPLICATE_METHOD_MATCH = YES;
				"CODE_SIGN_IDENTITY[sdk=iphoneos*]" = "iPhone Developer";
				COPY_PHASE_STRIP = NO;
				DEBUG_INFORMATION_FORMAT = dwarf;
				ENABLE_STRICT_OBJC_MSGSEND = YES;
				ENABLE_TESTABILITY = YES;
				GCC_C_LANGUAGE_STANDARD = gnu99;
				GCC_DYNAMIC_NO_PIC = NO;
				GCC_NO_COMMON_BLOCKS = YES;
				GCC_OPTIMIZATION_LEVEL = 0;
				GCC_PREPROCESSOR_DEFINITIONS = (
					"DEBUG=1",
					"$(inherited)",
				);
				GCC_WARN_64_TO_32_BIT_CONVERSION = YES;
				GCC_WARN_ABOUT_RETURN_TYPE = YES_ERROR;
				GCC_WARN_UNDECLARED_SELECTOR = YES;
				GCC_WARN_UNINITIALIZED_AUTOS = YES_AGGRESSIVE;
				GCC_WARN_UNUSED_FUNCTION = YES;
				GCC_WARN_UNUSED_VARIABLE = YES;
				IPHONEOS_DEPLOYMENT_TARGET = 9.3;
				MTL_ENABLE_DEBUG_INFO = YES;
				ONLY_ACTIVE_ARCH = YES;
				SDKROOT = iphoneos;
				SWIFT_OPTIMIZATION_LEVEL = "-Onone";
				TARGETED_DEVICE_FAMILY = "1,2";
			};
			name = Debug;
		};
		95DF61671F9A5B500068FC37 /* Release */ = {
			isa = XCBuildConfiguration;
			buildSettings = {
				ALWAYS_SEARCH_USER_PATHS = NO;
				CLANG_ANALYZER_NONNULL = YES;
				CLANG_CXX_LANGUAGE_STANDARD = "gnu++0x";
				CLANG_CXX_LIBRARY = "libc++";
				CLANG_ENABLE_MODULES = YES;
				CLANG_ENABLE_OBJC_ARC = YES;
				CLANG_WARN_BOOL_CONVERSION = YES;
				CLANG_WARN_CONSTANT_CONVERSION = YES;
				CLANG_WARN_DIRECT_OBJC_ISA_USAGE = YES_ERROR;
				CLANG_WARN_EMPTY_BODY = YES;
				CLANG_WARN_ENUM_CONVERSION = YES;
				CLANG_WARN_INT_CONVERSION = YES;
				CLANG_WARN_OBJC_ROOT_CLASS = YES_ERROR;
				CLANG_WARN_UNREACHABLE_CODE = YES;
				CLANG_WARN__DUPLICATE_METHOD_MATCH = YES;
				"CODE_SIGN_IDENTITY[sdk=iphoneos*]" = "iPhone Developer";
				COPY_PHASE_STRIP = NO;
				DEBUG_INFORMATION_FORMAT = "dwarf-with-dsym";
				ENABLE_NS_ASSERTIONS = NO;
				ENABLE_STRICT_OBJC_MSGSEND = YES;
				GCC_C_LANGUAGE_STANDARD = gnu99;
				GCC_NO_COMMON_BLOCKS = YES;
				GCC_WARN_64_TO_32_BIT_CONVERSION = YES;
				GCC_WARN_ABOUT_RETURN_TYPE = YES_ERROR;
				GCC_WARN_UNDECLARED_SELECTOR = YES;
				GCC_WARN_UNINITIALIZED_AUTOS = YES_AGGRESSIVE;
				GCC_WARN_UNUSED_FUNCTION = YES;
				GCC_WARN_UNUSED_VARIABLE = YES;
				IPHONEOS_DEPLOYMENT_TARGET = 9.3;
				MTL_ENABLE_DEBUG_INFO = NO;
				SDKROOT = iphoneos;
				TARGETED_DEVICE_FAMILY = "1,2";
				VALIDATE_PRODUCT = YES;
			};
			name = Release;
		};
		95DF61691F9A5B500068FC37 /* Debug */ = {
			isa = XCBuildConfiguration;
			buildSettings = {
				ASSETCATALOG_COMPILER_APPICON_NAME = AppIcon;
				INFOPLIST_FILE = "Practica 7 . Loads/Info.plist";
				IPHONEOS_DEPLOYMENT_TARGET = 9.0;
				LD_RUNPATH_SEARCH_PATHS = "$(inherited) @executable_path/Frameworks";
				PRODUCT_BUNDLE_IDENTIFIER = "h.Practica-7---Loads";
				PRODUCT_NAME = "$(TARGET_NAME)";
			};
			name = Debug;
		};
		95DF616A1F9A5B500068FC37 /* Release */ = {
			isa = XCBuildConfiguration;
			buildSettings = {
				ASSETCATALOG_COMPILER_APPICON_NAME = AppIcon;
				INFOPLIST_FILE = "Practica 7 . Loads/Info.plist";
				IPHONEOS_DEPLOYMENT_TARGET = 9.0;
				LD_RUNPATH_SEARCH_PATHS = "$(inherited) @executable_path/Frameworks";
				PRODUCT_BUNDLE_IDENTIFIER = "h.Practica-7---Loads";
				PRODUCT_NAME = "$(TARGET_NAME)";
			};
			name = Release;
		};
		95DF616C1F9A5B500068FC37 /* Debug */ = {
			isa = XCBuildConfiguration;
			buildSettings = {
				BUNDLE_LOADER = "$(TEST_HOST)";
				INFOPLIST_FILE = "Practica 7 . LoadsTests/Info.plist";
				IPHONEOS_DEPLOYMENT_TARGET = 9.0;
				LD_RUNPATH_SEARCH_PATHS = "$(inherited) @executable_path/Frameworks @loader_path/Frameworks";
				PRODUCT_BUNDLE_IDENTIFIER = "h.Practica-7---LoadsTests";
				PRODUCT_NAME = "$(TARGET_NAME)";
				TEST_HOST = "$(BUILT_PRODUCTS_DIR)/Practica 7 . Loads.app/Practica 7 . Loads";
			};
			name = Debug;
		};
		95DF616D1F9A5B500068FC37 /* Release */ = {
			isa = XCBuildConfiguration;
			buildSettings = {
				BUNDLE_LOADER = "$(TEST_HOST)";
				INFOPLIST_FILE = "Practica 7 . LoadsTests/Info.plist";
				IPHONEOS_DEPLOYMENT_TARGET = 9.0;
				LD_RUNPATH_SEARCH_PATHS = "$(inherited) @executable_path/Frameworks @loader_path/Frameworks";
				PRODUCT_BUNDLE_IDENTIFIER = "h.Practica-7---LoadsTests";
				PRODUCT_NAME = "$(TARGET_NAME)";
				TEST_HOST = "$(BUILT_PRODUCTS_DIR)/Practica 7 . Loads.app/Practica 7 . Loads";
			};
			name = Release;
		};
		95DF616F1F9A5B500068FC37 /* Debug */ = {
			isa = XCBuildConfiguration;
			buildSettings = {
				INFOPLIST_FILE = "Practica 7 . LoadsUITests/Info.plist";
				IPHONEOS_DEPLOYMENT_TARGET = 9.0;
				LD_RUNPATH_SEARCH_PATHS = "$(inherited) @executable_path/Frameworks @loader_path/Frameworks";
				PRODUCT_BUNDLE_IDENTIFIER = "h.Practica-7---LoadsUITests";
				PRODUCT_NAME = "$(TARGET_NAME)";
				TEST_TARGET_NAME = "Practica 7 . Loads";
			};
			name = Debug;
		};
		95DF61701F9A5B500068FC37 /* Release */ = {
			isa = XCBuildConfiguration;
			buildSettings = {
				INFOPLIST_FILE = "Practica 7 . LoadsUITests/Info.plist";
				IPHONEOS_DEPLOYMENT_TARGET = 9.0;
				LD_RUNPATH_SEARCH_PATHS = "$(inherited) @executable_path/Frameworks @loader_path/Frameworks";
				PRODUCT_BUNDLE_IDENTIFIER = "h.Practica-7---LoadsUITests";
				PRODUCT_NAME = "$(TARGET_NAME)";
				TEST_TARGET_NAME = "Practica 7 . Loads";
			};
			name = Release;
		};
/* End XCBuildConfiguration section */

/* Begin XCConfigurationList section */
		95DF61381F9A5B500068FC37 /* Build configuration list for PBXProject "Practica 7 . Loads" */ = {
			isa = XCConfigurationList;
			buildConfigurations = (
				95DF61661F9A5B500068FC37 /* Debug */,
				95DF61671F9A5B500068FC37 /* Release */,
			);
			defaultConfigurationIsVisible = 0;
			defaultConfigurationName = Release;
		};
		95DF61681F9A5B500068FC37 /* Build configuration list for PBXNativeTarget "Practica 7 . Loads" */ = {
			isa = XCConfigurationList;
			buildConfigurations = (
				95DF61691F9A5B500068FC37 /* Debug */,
				95DF616A1F9A5B500068FC37 /* Release */,
			);
			defaultConfigurationIsVisible = 0;
			defaultConfigurationName = Release;
		};
		95DF616B1F9A5B500068FC37 /* Build configuration list for PBXNativeTarget "Practica 7 . LoadsTests" */ = {
			isa = XCConfigurationList;
			buildConfigurations = (
				95DF616C1F9A5B500068FC37 /* Debug */,
				95DF616D1F9A5B500068FC37 /* Release */,
			);
			defaultConfigurationIsVisible = 0;
			defaultConfigurationName = Release;
		};
		95DF616E1F9A5B500068FC37 /* Build configuration list for PBXNativeTarget "Practica 7 . LoadsUITests" */ = {
			isa = XCConfigurationList;
			buildConfigurations = (
				95DF616F1F9A5B500068FC37 /* Debug */,
				95DF61701F9A5B500068FC37 /* Release */,
			);
			defaultConfigurationIsVisible = 0;
			defaultConfigurationName = Release;
		};
/* End XCConfigurationList section */

/* Begin XCVersionGroup section */
		95DF61471F9A5B500068FC37 /* Practica_7___Loads.xcdatamodeld */ = {
			isa = XCVersionGroup;
			children = (
				95DF61481F9A5B500068FC37 /* Practica_7___Loads.xcdatamodel */,
			);
			currentVersion = 95DF61481F9A5B500068FC37 /* Practica_7___Loads.xcdatamodel */;
			path = "Practica_7___Loads.xcdatamodeld";
			sourceTree = "<group>";
			versionGroupType = wrapper.xcdatamodel;
		};
/* End XCVersionGroup section */
	};
	rootObject = 95DF61351F9A5B500068FC37 /* Project object */;
}
